
Microsoft Visual Studio Solution File, Format Version 12.00
# Visual Studio Version 16
VisualStudioVersion = 16.0.31229.75
MinimumVisualStudioVersion = 10.0.40219.1
Project("{F184B08F-C81C-45F6-A57F-5ABD9991F28F}") = "BAPTISTA-FINAL-EXAM-PT2", "BAPTISTA-FINAL-EXAM-PT2\BAPTISTA-FINAL-EXAM-PT2.vbproj", "{BFE3DC5D-A4E8-4227-8E8B-6699D0195715}"
EndProject
Global
	GlobalSection(SolutionConfigurationPlatforms) = preSolution
		Debug|Any CPU = Debug|Any CPU
		Release|Any CPU = Release|Any CPU
	EndGlobalSection
	GlobalSection(ProjectConfigurationPlatforms) = postSolution
		{BFE3DC5D-A4E8-4227-8E8B-6699D0195715}.Debug|Any CPU.ActiveCfg = Debug|Any CPU
		{BFE3DC5D-A4E8-4227-8E8B-6699D0195715}.Debug|Any CPU.Build.0 = Debug|Any CPU
		{BFE3DC5D-A4E8-4227-8E8B-6699D0195715}.Release|Any CPU.ActiveCfg = Release|Any CPU
		{BFE3DC5D-A4E8-4227-8E8B-6699D0195715}.Release|Any CPU.Build.0 = Release|Any CPU
	EndGlobalSection
	GlobalSection(SolutionProperties) = preSolution
		HideSolutionNode = FALSE
	EndGlobalSection
	GlobalSection(ExtensibilityGlobals) = postSolution
		SolutionGuid = {079BDE1B-737B-4D91-A00D-88C36B0B2899}
	EndGlobalSection
EndGlobal
